// !$*UTF8*$!
{
	archiveVersion = 1;
	classes = {
	};
	objectVersion = 46;
	objects = {

/* Begin PBXBuildFile section */
		165434E21D99594D00F3B0C6 /* sdl_window.cpp in Sources */ = {isa = PBXBuildFile; fileRef = 165434E11D99594D00F3B0C6 /* sdl_window.cpp */; };
		165434E51D9959BF00F3B0C6 /* libSDL2.a in Frameworks */ = {isa = PBXBuildFile; fileRef = 165434E41D9959BF00F3B0C6 /* libSDL2.a */; settings = {ATTRIBUTES = (Required, ); }; };
		165434E91D9C023300F3B0C6 /* mini3d.c in Sources */ = {isa = PBXBuildFile; fileRef = 165434E81D9C023300F3B0C6 /* mini3d.c */; };
/* End PBXBuildFile section */

/* Begin PBXCopyFilesBuildPhase section */
		165434D51D99591E00F3B0C6 /* CopyFiles */ = {
			isa = PBXCopyFilesBuildPhase;
			buildActionMask = 2147483647;
			dstPath = /usr/share/man/man1/;
			dstSubfolderSpec = 0;
			files = (
			);
			runOnlyForDeploymentPostprocessing = 1;
		};
/* End PBXCopyFilesBuildPhase section */

/* Begin PBXFileReference section */
		165434D71D99591E00F3B0C6 /* project_mac */ = {isa = PBXFileReference; explicitFileType = "compiled.mach-o.executable"; includeInIndex = 0; path = project_mac; sourceTree = BUILT_PRODUCTS_DIR; };
		165434E11D99594D00F3B0C6 /* sdl_window.cpp */ = {isa = PBXFileReference; fileEncoding = 4; lastKnownFileType = sourcecode.cpp.cpp; name = sdl_window.cpp; path = ../../sdl_window.cpp; sourceTree = "<group>"; };
		165434E41D9959BF00F3B0C6 /* libSDL2.a */ = {isa = PBXFileReference; lastKnownFileType = archive.ar; name = libSDL2.a; path = /usr/local/Cellar/sdl2/2.0.4/lib/libSDL2.a; sourceTree = "<absolute>"; };
		165434E81D9C023300F3B0C6 /* mini3d.c */ = {isa = PBXFileReference; fileEncoding = 4; lastKnownFileType = sourcecode.c.c; name = mini3d.c; path = ../../mini3d.c; sourceTree = "<group>"; };
		1697B7731E1162AE00E17972 /* tiny3D_tmp.h */ = {isa = PBXFileReference; fileEncoding = 4; lastKnownFileType = sourcecode.c.h; name = tiny3D_tmp.h; path = ../../tiny3D_tmp.h; sourceTree = "<group>"; };
		1697B7741E11631100E17972 /* tiny3D.h */ = {isa = PBXFileReference; fileEncoding = 4; lastKnownFileType = sourcecode.c.h; name = tiny3D.h; path = ../../tiny3D.h; sourceTree = "<group>"; };
/* End PBXFileReference section */

/* Begin PBXFrameworksBuildPhase section */
		165434D41D99591E00F3B0C6 /* Frameworks */ = {
			isa = PBXFrameworksBuildPhase;
			buildActionMask = 2147483647;
			files = (
				165434E51D9959BF00F3B0C6 /* libSDL2.a in Frameworks */,
			);
			runOnlyForDeploymentPostprocessing = 0;
		};
/* End PBXFrameworksBuildPhase section */

/* Begin PBXGroup section */
		165434CE1D99591E00F3B0C6 = {
			isa = PBXGroup;
			children = (
				165434D91D99591E00F3B0C6 /* project_mac */,
				165434D81D99591E00F3B0C6 /* Products */,
			);
			sourceTree = "<group>";
		};
		165434D81D99591E00F3B0C6 /* Products */ = {
			isa = PBXGroup;
			children = (
				165434D71D99591E00F3B0C6 /* project_mac */,
			);
			name = Products;
			sourceTree = "<group>";
		};
		165434D91D99591E00F3B0C6 /* project_mac */ = {
			isa = PBXGroup;
			children = (
				1697B7741E11631100E17972 /* tiny3D.h */,
				1697B7731E1162AE00E17972 /* tiny3D_tmp.h */,
				165434E41D9959BF00F3B0C6 /* libSDL2.a */,
				165434E11D99594D00F3B0C6 /* sdl_window.cpp */,
				165434E81D9C023300F3B0C6 /* mini3d.c */,
			);
			path = project_mac;
			sourceTree = "<group>";
		};
/* End PBXGroup section */

/* Begin PBXNativeTarget section */
		165434D61D99591E00F3B0C6 /* project_mac */ = {
			isa = PBXNativeTarget;
			buildConfigurationList = 165434DE1D99591E00F3B0C6 /* Build configuration list for PBXNativeTarget "project_mac" */;
			buildPhases = (
				165434D31D99591E00F3B0C6 /* Sources */,
				165434D41D99591E00F3B0C6 /* Frameworks */,
				165434D51D99591E00F3B0C6 /* CopyFiles */,
			);
			buildRules = (
			);
			dependencies = (
			);
			name = project_mac;
			productName = project_mac;
			productReference = 165434D71D99591E00F3B0C6 /* project_mac */;
			productType = "com.apple.product-type.tool";
		};
/* End PBXNativeTarget section */

/* Begin PBXProject section */
		165434CF1D99591E00F3B0C6 /* Project object */ = {
			isa = PBXProject;
			attributes = {
				LastUpgradeCheck = 0730;
				ORGANIZATIONNAME = tuyoo;
				TargetAttributes = {
					165434D61D99591E00F3B0C6 = {
						CreatedOnToolsVersion = 7.3.1;
					};
				};
			};
			buildConfigurationList = 165434D21D99591E00F3B0C6 /* Build configuration list for PBXProject "project_mac" */;
			compatibilityVersion = "Xcode 3.2";
			developmentRegion = English;
			hasScannedForEncodings = 0;
			knownRegions = (
				en,
			);
			mainGroup = 165434CE1D99591E00F3B0C6;
			productRefGroup = 165434D81D99591E00F3B0C6 /* Products */;
			projectDirPath = "";
			projectRoot = "";
			targets = (
				165434D61D99591E00F3B0C6 /* project_mac */,
			);
		};
/* End PBXProject section */

/* Begin PBXSourcesBuildPhase section */
		165434D31D99591E00F3B0C6 /* Sources */ = {
			isa = PBXSourcesBuildPhase;
			buildActionMask = 2147483647;
			files = (
				165434E21D99594D00F3B0C6 /* sdl_window.cpp in Sources */,
				165434E91D9C023300F3B0C6 /* mini3d.c in Sources */,
			);
			runOnlyForDeploymentPostprocessing = 0;
		};
/* End PBXSourcesBuildPhase section */

/* Begin XCBuildConfiguration section */
		165434DC1D99591E00F3B0C6 /* Debug */ = {
			isa = XCBuildConfiguration;
			buildSettings = {
				ALWAYS_SEARCH_USER_PATHS = NO;
				CLANG_ANALYZER_NONNULL = YES;
				CLANG_CXX_LANGUAGE_STANDARD = "gnu++0x";
				CLANG_CXX_LIBRARY = "libc++";
				CLANG_ENABLE_MODULES = YES;
				CLANG_ENABLE_OBJC_ARC = YES;
				CLANG_WARN_BOOL_CONVERSION = YES;
				CLANG_WARN_CONSTANT_CONVERSION = YES;
				CLANG_WARN_DIRECT_OBJC_ISA_USAGE = YES_ERROR;
				CLANG_WARN_EMPTY_BODY = YES;
				CLANG_WARN_ENUM_CONVERSION = YES;
				CLANG_WARN_INT_CONVERSION = YES;
				CLANG_WARN_OBJC_ROOT_CLASS = YES_ERROR;
				CLANG_WARN_UNREACHABLE_CODE = YES;
				CLANG_WARN__DUPLICATE_METHOD_MATCH = YES;
				CODE_SIGN_IDENTITY = "-";
				COPY_PHASE_STRIP = NO;
				DEBUG_INFORMATION_FORMAT = dwarf;
				ENABLE_STRICT_OBJC_MSGSEND = YES;
				ENABLE_TESTABILITY = YES;
				GCC_C_LANGUAGE_STANDARD = gnu99;
				GCC_DYNAMIC_NO_PIC = NO;
				GCC_NO_COMMON_BLOCKS = YES;
				GCC_OPTIMIZATION_LEVEL = 0;
				GCC_PREPROCESSOR_DEFINITIONS = (
					"DEBUG=1",
					"$(inherited)",
				);
				GCC_WARN_64_TO_32_BIT_CONVERSION = YES;
				GCC_WARN_ABOUT_RETURN_TYPE = YES_ERROR;
				GCC_WARN_UNDECLARED_SELECTOR = YES;
				GCC_WARN_UNINITIALIZED_AUTOS = YES_AGGRESSIVE;
				GCC_WARN_UNUSED_FUNCTION = YES;
				GCC_WARN_UNUSED_VARIABLE = YES;
				MACOSX_DEPLOYMENT_TARGET = 10.11;
				MTL_ENABLE_DEBUG_INFO = YES;
				ONLY_ACTIVE_ARCH = YES;
				SDKROOT = macosx;
			};
			name = Debug;
		};
		165434DD1D99591E00F3B0C6 /* Release */ = {
			isa = XCBuildConfiguration;
			buildSettings = {
				ALWAYS_SEARCH_USER_PATHS = NO;
				CLANG_ANALYZER_NONNULL = YES;
				CLANG_CXX_LANGUAGE_STANDARD = "gnu++0x";
				CLANG_CXX_LIBRARY = "libc++";
				CLANG_ENABLE_MODULES = YES;
				CLANG_ENABLE_OBJC_ARC = YES;
				CLANG_WARN_BOOL_CONVERSION = YES;
				CLANG_WARN_CONSTANT_CONVERSION = YES;
				CLANG_WARN_DIRECT_OBJC_ISA_USAGE = YES_ERROR;
				CLANG_WARN_EMPTY_BODY = YES;
				CLANG_WARN_ENUM_CONVERSION = YES;
				CLANG_WARN_INT_CONVERSION = YES;
				CLANG_WARN_OBJC_ROOT_CLASS = YES_ERROR;
				CLANG_WARN_UNREACHABLE_CODE = YES;
				CLANG_WARN__DUPLICATE_METHOD_MATCH = YES;
				CODE_SIGN_IDENTITY = "-";
				COPY_PHASE_STRIP = NO;
				DEBUG_INFORMATION_FORMAT = "dwarf-with-dsym";
				ENABLE_NS_ASSERTIONS = NO;
				ENABLE_STRICT_OBJC_MSGSEND = YES;
				GCC_C_LANGUAGE_STANDARD = gnu99;
				GCC_NO_COMMON_BLOCKS = YES;
				GCC_WARN_64_TO_32_BIT_CONVERSION = YES;
				GCC_WARN_ABOUT_RETURN_TYPE = YES_ERROR;
				GCC_WARN_UNDECLARED_SELECTOR = YES;
				GCC_WARN_UNINITIALIZED_AUTOS = YES_AGGRESSIVE;
				GCC_WARN_UNUSED_FUNCTION = YES;
				GCC_WARN_UNUSED_VARIABLE = YES;
				MACOSX_DEPLOYMENT_TARGET = 10.11;
				MTL_ENABLE_DEBUG_INFO = NO;
				SDKROOT = macosx;
			};
			name = Release;
		};
		165434DF1D99591E00F3B0C6 /* Debug */ = {
			isa = XCBuildConfiguration;
			buildSettings = {
				HEADER_SEARCH_PATHS = (
					"$(inherited)",
					/usr/local/Cellar/sdl2/2.0.4/include,
				);
				LIBRARY_SEARCH_PATHS = (
					"$(inherited)",
					/usr/local/Cellar/sdl2/2.0.4/lib,
				);
				PRODUCT_NAME = "$(TARGET_NAME)";
			};
			name = Debug;
		};
		165434E01D99591E00F3B0C6 /* Release */ = {
			isa = XCBuildConfiguration;
			buildSettings = {
				HEADER_SEARCH_PATHS = (
					"$(inherited)",
					/usr/local/Cellar/sdl2/2.0.4/include,
				);
				LIBRARY_SEARCH_PATHS = (
					"$(inherited)",
					/usr/local/Cellar/sdl2/2.0.4/lib,
				);
				PRODUCT_NAME = "$(TARGET_NAME)";
			};
			name = Release;
		};
/* End XCBuildConfiguration section */

/* Begin XCConfigurationList section */
		165434D21D99591E00F3B0C6 /* Build configuration list for PBXProject "project_mac" */ = {
			isa = XCConfigurationList;
			buildConfigurations = (
				165434DC1D99591E00F3B0C6 /* Debug */,
				165434DD1D99591E00F3B0C6 /* Release */,
			);
			defaultConfigurationIsVisible = 0;
			defaultConfigurationName = Release;
		};
		165434DE1D99591E00F3B0C6 /* Build configuration list for PBXNativeTarget "project_mac" */ = {
			isa = XCConfigurationList;
			buildConfigurations = (
				165434DF1D99591E00F3B0C6 /* Debug */,
				165434E01D99591E00F3B0C6 /* Release */,
			);
			defaultConfigurationIsVisible = 0;
			defaultConfigurationName = Release;
		};
/* End XCConfigurationList section */
	};
	rootObject = 165434CF1D99591E00F3B0C6 /* Project object */;
}
