// !$*UTF8*$!
{
	archiveVersion = 1;
	classes = {
	};
	objectVersion = 46;
	objects = {

/* Begin PBXBuildFile section */
		166002C91E71105A00252926 /* libpng.a in Frameworks */ = {isa = PBXBuildFile; fileRef = 166002C81E71105A00252926 /* libpng.a */; };
		166002CB1E71106E00252926 /* libSDL2.a in Frameworks */ = {isa = PBXBuildFile; fileRef = 166002CA1E71106E00252926 /* libSDL2.a */; };
		166002DC1E7175EB00252926 /* utils.m in Sources */ = {isa = PBXBuildFile; fileRef = 166002DB1E7175EB00252926 /* utils.m */; };
		166002DE1E71779B00252926 /* mabu.png in Resources */ = {isa = PBXBuildFile; fileRef = 166002DD1E71779B00252926 /* mabu.png */; };
		166002E11E71797300252926 /* main.c in Sources */ = {isa = PBXBuildFile; fileRef = 166002E01E71797300252926 /* main.c */; };
		166002F31E72C69600252926 /* dimian.png in Resources */ = {isa = PBXBuildFile; fileRef = 166002F21E72C69600252926 /* dimian.png */; };
		166002F71E73FB1600252926 /* Default-568h@2x.png in Resources */ = {isa = PBXBuildFile; fileRef = 166002F61E73FB1600252926 /* Default-568h@2x.png */; };
/* End PBXBuildFile section */

/* Begin PBXFileReference section */
		166002AD1E710FB700252926 /* tinyEngine.app */ = {isa = PBXFileReference; explicitFileType = wrapper.application; includeInIndex = 0; path = tinyEngine.app; sourceTree = BUILT_PRODUCTS_DIR; };
		166002C81E71105A00252926 /* libpng.a */ = {isa = PBXFileReference; lastKnownFileType = archive.ar; name = libpng.a; path = ../../external/libpng/prebuild/ios/libpng.a; sourceTree = "<group>"; };
		166002CA1E71106E00252926 /* libSDL2.a */ = {isa = PBXFileReference; lastKnownFileType = archive.ar; name = libSDL2.a; path = ../../external/sdl2/prebuild/ios/libSDL2.a; sourceTree = "<group>"; };
		166002CC1E7125D300252926 /* Info.plist */ = {isa = PBXFileReference; fileEncoding = 4; lastKnownFileType = text.plist.xml; name = Info.plist; path = tinyEngine/Info.plist; sourceTree = "<group>"; };
		166002D01E71280B00252926 /* tiny3D.h */ = {isa = PBXFileReference; fileEncoding = 4; lastKnownFileType = sourcecode.c.h; name = tiny3D.h; path = ../../resources/code/tiny3D.h; sourceTree = "<group>"; };
		166002DB1E7175EB00252926 /* utils.m */ = {isa = PBXFileReference; fileEncoding = 4; lastKnownFileType = sourcecode.c.objc; name = utils.m; path = tinyEngine/utils.m; sourceTree = "<group>"; };
		166002DD1E71779B00252926 /* mabu.png */ = {isa = PBXFileReference; lastKnownFileType = image.png; name = mabu.png; path = ../../resources/image/mabu.png; sourceTree = "<group>"; };
		166002DF1E71790500252926 /* utils.h */ = {isa = PBXFileReference; fileEncoding = 4; lastKnownFileType = sourcecode.c.h; name = utils.h; path = ../../resources/code/utils.h; sourceTree = "<group>"; };
		166002E01E71797300252926 /* main.c */ = {isa = PBXFileReference; fileEncoding = 4; lastKnownFileType = sourcecode.c.c; name = main.c; path = ../../resources/code/main.c; sourceTree = "<group>"; };
		166002F21E72C69600252926 /* dimian.png */ = {isa = PBXFileReference; lastKnownFileType = image.png; name = dimian.png; path = ../../resources/image/dimian.png; sourceTree = "<group>"; };
		166002F61E73FB1600252926 /* Default-568h@2x.png */ = {isa = PBXFileReference; lastKnownFileType = image.png; path = "Default-568h@2x.png"; sourceTree = "<group>"; };
/* End PBXFileReference section */

/* Begin PBXFrameworksBuildPhase section */
		166002AA1E710FB700252926 /* Frameworks */ = {
			isa = PBXFrameworksBuildPhase;
			buildActionMask = 2147483647;
			files = (
				166002CB1E71106E00252926 /* libSDL2.a in Frameworks */,
				166002C91E71105A00252926 /* libpng.a in Frameworks */,
			);
			runOnlyForDeploymentPostprocessing = 0;
		};
/* End PBXFrameworksBuildPhase section */

/* Begin PBXGroup section */
		166002A41E710FB700252926 = {
			isa = PBXGroup;
			children = (
				166002F61E73FB1600252926 /* Default-568h@2x.png */,
				166002F21E72C69600252926 /* dimian.png */,
				166002DD1E71779B00252926 /* mabu.png */,
				166002DB1E7175EB00252926 /* utils.m */,
				166002CC1E7125D300252926 /* Info.plist */,
				166002E01E71797300252926 /* main.c */,
				166002DF1E71790500252926 /* utils.h */,
				166002D01E71280B00252926 /* tiny3D.h */,
				166002AE1E710FB700252926 /* Products */,
				166002C71E71105A00252926 /* Frameworks */,
			);
			sourceTree = "<group>";
		};
		166002AE1E710FB700252926 /* Products */ = {
			isa = PBXGroup;
			children = (
				166002AD1E710FB700252926 /* tinyEngine.app */,
			);
			name = Products;
			sourceTree = "<group>";
		};
		166002C71E71105A00252926 /* Frameworks */ = {
			isa = PBXGroup;
			children = (
				166002CA1E71106E00252926 /* libSDL2.a */,
				166002C81E71105A00252926 /* libpng.a */,
			);
			name = Frameworks;
			sourceTree = "<group>";
		};
/* End PBXGroup section */

/* Begin PBXNativeTarget section */
		166002AC1E710FB700252926 /* tinyEngine */ = {
			isa = PBXNativeTarget;
			buildConfigurationList = 166002C41E710FB700252926 /* Build configuration list for PBXNativeTarget "tinyEngine" */;
			buildPhases = (
				166002A91E710FB700252926 /* Sources */,
				166002AA1E710FB700252926 /* Frameworks */,
				166002AB1E710FB700252926 /* Resources */,
			);
			buildRules = (
			);
			dependencies = (
			);
			name = tinyEngine;
			productName = tinyEngine;
			productReference = 166002AD1E710FB700252926 /* tinyEngine.app */;
			productType = "com.apple.product-type.application";
		};
/* End PBXNativeTarget section */

/* Begin PBXProject section */
		166002A51E710FB700252926 /* Project object */ = {
			isa = PBXProject;
			attributes = {
				LastUpgradeCheck = 0820;
				ORGANIZATIONNAME = sdlwlxf;
				TargetAttributes = {
					166002AC1E710FB700252926 = {
						CreatedOnToolsVersion = 8.2.1;
						DevelopmentTeam = E2DRF2XY67;
						ProvisioningStyle = Automatic;
					};
				};
			};
			buildConfigurationList = 166002A81E710FB700252926 /* Build configuration list for PBXProject "tinyEngine" */;
			compatibilityVersion = "Xcode 3.2";
			developmentRegion = English;
			hasScannedForEncodings = 0;
			knownRegions = (
				en,
				Base,
			);
			mainGroup = 166002A41E710FB700252926;
			productRefGroup = 166002AE1E710FB700252926 /* Products */;
			projectDirPath = "";
			projectRoot = "";
			targets = (
				166002AC1E710FB700252926 /* tinyEngine */,
			);
		};
/* End PBXProject section */

/* Begin PBXResourcesBuildPhase section */
		166002AB1E710FB700252926 /* Resources */ = {
			isa = PBXResourcesBuildPhase;
			buildActionMask = 2147483647;
			files = (
				166002F31E72C69600252926 /* dimian.png in Resources */,
				166002DE1E71779B00252926 /* mabu.png in Resources */,
				166002F71E73FB1600252926 /* Default-568h@2x.png in Resources */,
			);
			runOnlyForDeploymentPostprocessing = 0;
		};
/* End PBXResourcesBuildPhase section */

/* Begin PBXSourcesBuildPhase section */
		166002A91E710FB700252926 /* Sources */ = {
			isa = PBXSourcesBuildPhase;
			buildActionMask = 2147483647;
			files = (
				166002DC1E7175EB00252926 /* utils.m in Sources */,
				166002E11E71797300252926 /* main.c in Sources */,
			);
			runOnlyForDeploymentPostprocessing = 0;
		};
/* End PBXSourcesBuildPhase section */

/* Begin XCBuildConfiguration section */
		166002C21E710FB700252926 /* Debug */ = {
			isa = XCBuildConfiguration;
			buildSettings = {
				ALWAYS_SEARCH_USER_PATHS = NO;
				CLANG_ANALYZER_NONNULL = YES;
				CLANG_CXX_LANGUAGE_STANDARD = "gnu++0x";
				CLANG_CXX_LIBRARY = "libc++";
				CLANG_ENABLE_MODULES = YES;
				CLANG_ENABLE_OBJC_ARC = YES;
				CLANG_WARN_BOOL_CONVERSION = YES;
				CLANG_WARN_CONSTANT_CONVERSION = YES;
				CLANG_WARN_DIRECT_OBJC_ISA_USAGE = YES_ERROR;
				CLANG_WARN_DOCUMENTATION_COMMENTS = YES;
				CLANG_WARN_EMPTY_BODY = YES;
				CLANG_WARN_ENUM_CONVERSION = YES;
				CLANG_WARN_INFINITE_RECURSION = YES;
				CLANG_WARN_INT_CONVERSION = YES;
				CLANG_WARN_OBJC_ROOT_CLASS = YES_ERROR;
				CLANG_WARN_SUSPICIOUS_MOVE = YES;
				CLANG_WARN_UNREACHABLE_CODE = YES;
				CLANG_WARN__DUPLICATE_METHOD_MATCH = YES;
				"CODE_SIGN_IDENTITY[sdk=iphoneos*]" = "iPhone Developer";
				COPY_PHASE_STRIP = NO;
				DEBUG_INFORMATION_FORMAT = dwarf;
				ENABLE_STRICT_OBJC_MSGSEND = YES;
				ENABLE_TESTABILITY = YES;
				GCC_C_LANGUAGE_STANDARD = gnu99;
				GCC_DYNAMIC_NO_PIC = NO;
				GCC_NO_COMMON_BLOCKS = YES;
				GCC_OPTIMIZATION_LEVEL = 0;
				GCC_PREPROCESSOR_DEFINITIONS = (
					"DEBUG=1",
					"$(inherited)",
				);
				GCC_WARN_64_TO_32_BIT_CONVERSION = YES;
				GCC_WARN_ABOUT_RETURN_TYPE = YES_ERROR;
				GCC_WARN_UNDECLARED_SELECTOR = YES;
				GCC_WARN_UNINITIALIZED_AUTOS = YES_AGGRESSIVE;
				GCC_WARN_UNUSED_FUNCTION = YES;
				GCC_WARN_UNUSED_VARIABLE = YES;
				IPHONEOS_DEPLOYMENT_TARGET = 10.2;
				MTL_ENABLE_DEBUG_INFO = YES;
				ONLY_ACTIVE_ARCH = YES;
				SDKROOT = iphoneos;
				TARGETED_DEVICE_FAMILY = "1,2";
			};
			name = Debug;
		};
		166002C31E710FB700252926 /* Release */ = {
			isa = XCBuildConfiguration;
			buildSettings = {
				ALWAYS_SEARCH_USER_PATHS = NO;
				CLANG_ANALYZER_NONNULL = YES;
				CLANG_CXX_LANGUAGE_STANDARD = "gnu++0x";
				CLANG_CXX_LIBRARY = "libc++";
				CLANG_ENABLE_MODULES = YES;
				CLANG_ENABLE_OBJC_ARC = YES;
				CLANG_WARN_BOOL_CONVERSION = YES;
				CLANG_WARN_CONSTANT_CONVERSION = YES;
				CLANG_WARN_DIRECT_OBJC_ISA_USAGE = YES_ERROR;
				CLANG_WARN_DOCUMENTATION_COMMENTS = YES;
				CLANG_WARN_EMPTY_BODY = YES;
				CLANG_WARN_ENUM_CONVERSION = YES;
				CLANG_WARN_INFINITE_RECURSION = YES;
				CLANG_WARN_INT_CONVERSION = YES;
				CLANG_WARN_OBJC_ROOT_CLASS = YES_ERROR;
				CLANG_WARN_SUSPICIOUS_MOVE = YES;
				CLANG_WARN_UNREACHABLE_CODE = YES;
				CLANG_WARN__DUPLICATE_METHOD_MATCH = YES;
				"CODE_SIGN_IDENTITY[sdk=iphoneos*]" = "iPhone Developer";
				COPY_PHASE_STRIP = NO;
				DEBUG_INFORMATION_FORMAT = "dwarf-with-dsym";
				ENABLE_NS_ASSERTIONS = NO;
				ENABLE_STRICT_OBJC_MSGSEND = YES;
				GCC_C_LANGUAGE_STANDARD = gnu99;
				GCC_NO_COMMON_BLOCKS = YES;
				GCC_WARN_64_TO_32_BIT_CONVERSION = YES;
				GCC_WARN_ABOUT_RETURN_TYPE = YES_ERROR;
				GCC_WARN_UNDECLARED_SELECTOR = YES;
				GCC_WARN_UNINITIALIZED_AUTOS = YES_AGGRESSIVE;
				GCC_WARN_UNUSED_FUNCTION = YES;
				GCC_WARN_UNUSED_VARIABLE = YES;
				IPHONEOS_DEPLOYMENT_TARGET = 10.2;
				MTL_ENABLE_DEBUG_INFO = NO;
				SDKROOT = iphoneos;
				TARGETED_DEVICE_FAMILY = "1,2";
				VALIDATE_PRODUCT = YES;
			};
			name = Release;
		};
		166002C51E710FB700252926 /* Debug */ = {
			isa = XCBuildConfiguration;
			buildSettings = {
				CLANG_CXX_LANGUAGE_STANDARD = "compiler-default";
				CLANG_CXX_LIBRARY = "compiler-default";
				CLANG_ENABLE_MODULES = YES;
				CLANG_ENABLE_MODULE_DEBUGGING = YES;
				CLANG_WARN_INFINITE_RECURSION = NO;
				CLANG_WARN_SUSPICIOUS_MOVE = NO;
				COMPRESS_PNG_FILES = NO;
				DEVELOPMENT_TEAM = E2DRF2XY67;
				ENABLE_BITCODE = NO;
				GCC_C_LANGUAGE_STANDARD = "compiler-default";
				HEADER_SEARCH_PATHS = (
					../../external/libpng/include,
					../../external/sdl2/include,
					../../resources/code,
				);
				INFOPLIST_FILE = tinyEngine/Info.plist;
				LD_RUNPATH_SEARCH_PATHS = "$(inherited) @executable_path/Frameworks";
				LIBRARY_SEARCH_PATHS = (
					../../external/libpng/prebuild/ios,
					../../external/sdl2/prebuild/ios,
				);
				OTHER_LDFLAGS = "-lz";
				PRODUCT_BUNDLE_IDENTIFIER = com.sdlwlxf.tinyEngine;
				PRODUCT_NAME = "$(TARGET_NAME)";
				STRIP_PNG_TEXT = NO;
			};
			name = Debug;
		};
		166002C61E710FB700252926 /* Release */ = {
			isa = XCBuildConfiguration;
			buildSettings = {
				CLANG_CXX_LANGUAGE_STANDARD = "compiler-default";
				CLANG_CXX_LIBRARY = "compiler-default";
				CLANG_ENABLE_MODULES = YES;
				CLANG_ENABLE_MODULE_DEBUGGING = YES;
				CLANG_WARN_INFINITE_RECURSION = NO;
				CLANG_WARN_SUSPICIOUS_MOVE = NO;
				COMPRESS_PNG_FILES = NO;
				DEVELOPMENT_TEAM = E2DRF2XY67;
				ENABLE_BITCODE = NO;
				GCC_C_LANGUAGE_STANDARD = "compiler-default";
				HEADER_SEARCH_PATHS = (
					../../external/libpng/include,
					../../external/sdl2/include,
					../../resources/code,
				);
				INFOPLIST_FILE = tinyEngine/Info.plist;
				LD_RUNPATH_SEARCH_PATHS = "$(inherited) @executable_path/Frameworks";
				LIBRARY_SEARCH_PATHS = (
					../../external/libpng/prebuild/ios,
					../../external/sdl2/prebuild/ios,
				);
				ONLY_ACTIVE_ARCH = YES;
				OTHER_LDFLAGS = "-lz";
				PRODUCT_BUNDLE_IDENTIFIER = com.sdlwlxf.tinyEngine;
				PRODUCT_NAME = "$(TARGET_NAME)";
				STRIP_PNG_TEXT = NO;
			};
			name = Release;
		};
/* End XCBuildConfiguration section */

/* Begin XCConfigurationList section */
		166002A81E710FB700252926 /* Build configuration list for PBXProject "tinyEngine" */ = {
			isa = XCConfigurationList;
			buildConfigurations = (
				166002C21E710FB700252926 /* Debug */,
				166002C31E710FB700252926 /* Release */,
			);
			defaultConfigurationIsVisible = 0;
			defaultConfigurationName = Release;
		};
		166002C41E710FB700252926 /* Build configuration list for PBXNativeTarget "tinyEngine" */ = {
			isa = XCConfigurationList;
			buildConfigurations = (
				166002C51E710FB700252926 /* Debug */,
				166002C61E710FB700252926 /* Release */,
			);
			defaultConfigurationIsVisible = 0;
			defaultConfigurationName = Release;
		};
/* End XCConfigurationList section */
	};
	rootObject = 166002A51E710FB700252926 /* Project object */;
}
