// !$*UTF8*$!
{
	archiveVersion = 1;
	classes = {
	};
	objectVersion = 46;
	objects = {

/* Begin PBXBuildFile section */
		164CA07C1E866B4F00064DE8 /* tr-and-d-issue-43.mtl in CopyFiles */ = {isa = PBXBuildFile; fileRef = 164CA07A1E866B4F00064DE8 /* tr-and-d-issue-43.mtl */; };
		164CA07D1E866B4F00064DE8 /* tr-and-d-issue-43.obj in CopyFiles */ = {isa = PBXBuildFile; fileRef = 164CA07B1E866B4F00064DE8 /* tr-and-d-issue-43.obj */; };
		164CA0811E86B4E600064DE8 /* utils.c in Sources */ = {isa = PBXBuildFile; fileRef = 164CA0801E86B4E600064DE8 /* utils.c */; };
		166002EA1E717F7F00252926 /* libpng.a in Frameworks */ = {isa = PBXBuildFile; fileRef = 166002E91E717F7F00252926 /* libpng.a */; };
		166002EC1E71837700252926 /* libSDL2.a in Frameworks */ = {isa = PBXBuildFile; fileRef = 166002EB1E71837700252926 /* libSDL2.a */; };
		166002EE1E7183F700252926 /* utils_other.m in Sources */ = {isa = PBXBuildFile; fileRef = 166002ED1E7183F700252926 /* utils_other.m */; };
		166002F11E7186B800252926 /* mabu.png in CopyFiles */ = {isa = PBXBuildFile; fileRef = 166002E71E717EE800252926 /* mabu.png */; };
		166002F51E72C78C00252926 /* dimian.png in CopyFiles */ = {isa = PBXBuildFile; fileRef = 166002F41E72C78C00252926 /* dimian.png */; };
		793737F61E87DAC000613E1F /* tiny3D.c in Sources */ = {isa = PBXBuildFile; fileRef = 793737F51E87DAC000613E1F /* tiny3D.c */; };
		793737F91E881AAB00613E1F /* nanosuit.mtl in CopyFiles */ = {isa = PBXBuildFile; fileRef = 793737F71E881AAB00613E1F /* nanosuit.mtl */; };
		793737FA1E881AAB00613E1F /* nanosuit.obj in CopyFiles */ = {isa = PBXBuildFile; fileRef = 793737F81E881AAB00613E1F /* nanosuit.obj */; };
		793737FC1E881DE000613E1F /* nanosuit.blend in CopyFiles */ = {isa = PBXBuildFile; fileRef = 793737FB1E881DE000613E1F /* nanosuit.blend */; };
		797B8EE21E9D2C3800A54E9B /* arm_dif.png in CopyFiles */ = {isa = PBXBuildFile; fileRef = 797B8ECF1E9D2C3800A54E9B /* arm_dif.png */; };
		797B8EE31E9D2C3800A54E9B /* arm_showroom_ddn.png in CopyFiles */ = {isa = PBXBuildFile; fileRef = 797B8ED01E9D2C3800A54E9B /* arm_showroom_ddn.png */; };
		797B8EE41E9D2C3800A54E9B /* arm_showroom_spec.png in CopyFiles */ = {isa = PBXBuildFile; fileRef = 797B8ED11E9D2C3800A54E9B /* arm_showroom_spec.png */; };
		797B8EE51E9D2C3800A54E9B /* body_dif.png in CopyFiles */ = {isa = PBXBuildFile; fileRef = 797B8ED21E9D2C3800A54E9B /* body_dif.png */; };
		797B8EE61E9D2C3800A54E9B /* body_showroom_ddn.png in CopyFiles */ = {isa = PBXBuildFile; fileRef = 797B8ED31E9D2C3800A54E9B /* body_showroom_ddn.png */; };
		797B8EE71E9D2C3800A54E9B /* body_showroom_spec.png in CopyFiles */ = {isa = PBXBuildFile; fileRef = 797B8ED41E9D2C3800A54E9B /* body_showroom_spec.png */; };
		797B8EE81E9D2C3800A54E9B /* glass_ddn.png in CopyFiles */ = {isa = PBXBuildFile; fileRef = 797B8ED61E9D2C3800A54E9B /* glass_ddn.png */; };
		797B8EE91E9D2C3800A54E9B /* glass_dif.png in CopyFiles */ = {isa = PBXBuildFile; fileRef = 797B8ED71E9D2C3800A54E9B /* glass_dif.png */; };
		797B8EEA1E9D2C3800A54E9B /* hand_dif.png in CopyFiles */ = {isa = PBXBuildFile; fileRef = 797B8ED81E9D2C3800A54E9B /* hand_dif.png */; };
		797B8EEB1E9D2C3800A54E9B /* hand_showroom_ddn.png in CopyFiles */ = {isa = PBXBuildFile; fileRef = 797B8ED91E9D2C3800A54E9B /* hand_showroom_ddn.png */; };
		797B8EEC1E9D2C3800A54E9B /* hand_showroom_spec.png in CopyFiles */ = {isa = PBXBuildFile; fileRef = 797B8EDA1E9D2C3800A54E9B /* hand_showroom_spec.png */; };
		797B8EED1E9D2C3800A54E9B /* helmet_diff.png in CopyFiles */ = {isa = PBXBuildFile; fileRef = 797B8EDB1E9D2C3800A54E9B /* helmet_diff.png */; };
		797B8EEE1E9D2C3800A54E9B /* helmet_showroom_ddn.png in CopyFiles */ = {isa = PBXBuildFile; fileRef = 797B8EDC1E9D2C3800A54E9B /* helmet_showroom_ddn.png */; };
		797B8EEF1E9D2C3800A54E9B /* helmet_showroom_spec.png in CopyFiles */ = {isa = PBXBuildFile; fileRef = 797B8EDD1E9D2C3800A54E9B /* helmet_showroom_spec.png */; };
		797B8EF01E9D2C3800A54E9B /* leg_dif.png in CopyFiles */ = {isa = PBXBuildFile; fileRef = 797B8EDE1E9D2C3800A54E9B /* leg_dif.png */; };
		797B8EF11E9D2C3800A54E9B /* leg_showroom_ddn.png in CopyFiles */ = {isa = PBXBuildFile; fileRef = 797B8EDF1E9D2C3800A54E9B /* leg_showroom_ddn.png */; };
		797B8EF21E9D2C3800A54E9B /* leg_showroom_spec.png in CopyFiles */ = {isa = PBXBuildFile; fileRef = 797B8EE01E9D2C3800A54E9B /* leg_showroom_spec.png */; };
		79B508E11E6C018B001AF007 /* main.c in Sources */ = {isa = PBXBuildFile; fileRef = 79B508DF1E6C018B001AF007 /* main.c */; };
/* End PBXBuildFile section */

/* Begin PBXCopyFilesBuildPhase section */
		166002F01E7186AF00252926 /* CopyFiles */ = {
			isa = PBXCopyFilesBuildPhase;
			buildActionMask = 2147483647;
			dstPath = "";
			dstSubfolderSpec = 7;
			files = (
				797B8EE21E9D2C3800A54E9B /* arm_dif.png in CopyFiles */,
				797B8EE31E9D2C3800A54E9B /* arm_showroom_ddn.png in CopyFiles */,
				797B8EE41E9D2C3800A54E9B /* arm_showroom_spec.png in CopyFiles */,
				797B8EE51E9D2C3800A54E9B /* body_dif.png in CopyFiles */,
				797B8EE61E9D2C3800A54E9B /* body_showroom_ddn.png in CopyFiles */,
				797B8EE71E9D2C3800A54E9B /* body_showroom_spec.png in CopyFiles */,
				166002F51E72C78C00252926 /* dimian.png in CopyFiles */,
				797B8EE81E9D2C3800A54E9B /* glass_ddn.png in CopyFiles */,
				797B8EE91E9D2C3800A54E9B /* glass_dif.png in CopyFiles */,
				797B8EEA1E9D2C3800A54E9B /* hand_dif.png in CopyFiles */,
				797B8EEB1E9D2C3800A54E9B /* hand_showroom_ddn.png in CopyFiles */,
				797B8EEC1E9D2C3800A54E9B /* hand_showroom_spec.png in CopyFiles */,
				797B8EED1E9D2C3800A54E9B /* helmet_diff.png in CopyFiles */,
				797B8EEE1E9D2C3800A54E9B /* helmet_showroom_ddn.png in CopyFiles */,
				797B8EEF1E9D2C3800A54E9B /* helmet_showroom_spec.png in CopyFiles */,
				797B8EF01E9D2C3800A54E9B /* leg_dif.png in CopyFiles */,
				797B8EF11E9D2C3800A54E9B /* leg_showroom_ddn.png in CopyFiles */,
				797B8EF21E9D2C3800A54E9B /* leg_showroom_spec.png in CopyFiles */,
				166002F11E7186B800252926 /* mabu.png in CopyFiles */,
				164CA07C1E866B4F00064DE8 /* tr-and-d-issue-43.mtl in CopyFiles */,
				164CA07D1E866B4F00064DE8 /* tr-and-d-issue-43.obj in CopyFiles */,
				793737F91E881AAB00613E1F /* nanosuit.mtl in CopyFiles */,
				793737FA1E881AAB00613E1F /* nanosuit.obj in CopyFiles */,
				793737FC1E881DE000613E1F /* nanosuit.blend in CopyFiles */,
			);
			runOnlyForDeploymentPostprocessing = 0;
		};
/* End PBXCopyFilesBuildPhase section */

/* Begin PBXFileReference section */
		164CA0791E864C4900064DE8 /* utils.h */ = {isa = PBXFileReference; fileEncoding = 4; lastKnownFileType = sourcecode.c.h; name = utils.h; path = ../../resources/code/utils.h; sourceTree = "<group>"; };
		164CA07A1E866B4F00064DE8 /* tr-and-d-issue-43.mtl */ = {isa = PBXFileReference; lastKnownFileType = text; name = "tr-and-d-issue-43.mtl"; path = "../../resources/obj/tr-and-d-issue-43.mtl"; sourceTree = "<group>"; };
		164CA07B1E866B4F00064DE8 /* tr-and-d-issue-43.obj */ = {isa = PBXFileReference; lastKnownFileType = text; name = "tr-and-d-issue-43.obj"; path = "../../resources/obj/tr-and-d-issue-43.obj"; sourceTree = "<group>"; };
		164CA07E1E86705300064DE8 /* tinyobj_loader_c.h */ = {isa = PBXFileReference; fileEncoding = 4; lastKnownFileType = sourcecode.c.h; name = tinyobj_loader_c.h; path = ../../external/tinyobj/tinyobj_loader_c.h; sourceTree = "<group>"; };
		164CA0801E86B4E600064DE8 /* utils.c */ = {isa = PBXFileReference; fileEncoding = 4; lastKnownFileType = sourcecode.c.c; name = utils.c; path = ../../resources/code/utils.c; sourceTree = "<group>"; };
		165434D71D99591E00F3B0C6 /* tinyEngine */ = {isa = PBXFileReference; explicitFileType = "compiled.mach-o.executable"; includeInIndex = 0; path = tinyEngine; sourceTree = BUILT_PRODUCTS_DIR; };
		166002E71E717EE800252926 /* mabu.png */ = {isa = PBXFileReference; lastKnownFileType = image.png; name = mabu.png; path = ../../resources/image/mabu.png; sourceTree = "<group>"; };
		166002E91E717F7F00252926 /* libpng.a */ = {isa = PBXFileReference; lastKnownFileType = archive.ar; name = libpng.a; path = ../../external/libpng/prebuild/mac/libpng.a; sourceTree = "<group>"; };
		166002EB1E71837700252926 /* libSDL2.a */ = {isa = PBXFileReference; lastKnownFileType = archive.ar; name = libSDL2.a; path = ../../external/sdl2/prebuild/mac/libSDL2.a; sourceTree = "<group>"; };
		166002ED1E7183F700252926 /* utils_other.m */ = {isa = PBXFileReference; fileEncoding = 4; lastKnownFileType = sourcecode.c.objc; name = utils_other.m; path = tinyEngine/utils_other.m; sourceTree = "<group>"; };
		166002F41E72C78C00252926 /* dimian.png */ = {isa = PBXFileReference; lastKnownFileType = image.png; name = dimian.png; path = ../../resources/image/dimian.png; sourceTree = "<group>"; };
		793737F51E87DAC000613E1F /* tiny3D.c */ = {isa = PBXFileReference; fileEncoding = 4; lastKnownFileType = sourcecode.c.c; name = tiny3D.c; path = ../../resources/code/tiny3D.c; sourceTree = "<group>"; };
		793737F71E881AAB00613E1F /* nanosuit.mtl */ = {isa = PBXFileReference; lastKnownFileType = text; name = nanosuit.mtl; path = ../../resources/obj/nanosuit.mtl; sourceTree = "<group>"; };
		793737F81E881AAB00613E1F /* nanosuit.obj */ = {isa = PBXFileReference; lastKnownFileType = text; name = nanosuit.obj; path = ../../resources/obj/nanosuit.obj; sourceTree = "<group>"; };
		793737FB1E881DE000613E1F /* nanosuit.blend */ = {isa = PBXFileReference; lastKnownFileType = file; name = nanosuit.blend; path = ../../resources/obj/nanosuit.blend; sourceTree = "<group>"; };
		797B8ECF1E9D2C3800A54E9B /* arm_dif.png */ = {isa = PBXFileReference; lastKnownFileType = image.png; name = arm_dif.png; path = ../../resources/image/arm_dif.png; sourceTree = "<group>"; };
		797B8ED01E9D2C3800A54E9B /* arm_showroom_ddn.png */ = {isa = PBXFileReference; lastKnownFileType = image.png; name = arm_showroom_ddn.png; path = ../../resources/image/arm_showroom_ddn.png; sourceTree = "<group>"; };
		797B8ED11E9D2C3800A54E9B /* arm_showroom_spec.png */ = {isa = PBXFileReference; lastKnownFileType = image.png; name = arm_showroom_spec.png; path = ../../resources/image/arm_showroom_spec.png; sourceTree = "<group>"; };
		797B8ED21E9D2C3800A54E9B /* body_dif.png */ = {isa = PBXFileReference; lastKnownFileType = image.png; name = body_dif.png; path = ../../resources/image/body_dif.png; sourceTree = "<group>"; };
		797B8ED31E9D2C3800A54E9B /* body_showroom_ddn.png */ = {isa = PBXFileReference; lastKnownFileType = image.png; name = body_showroom_ddn.png; path = ../../resources/image/body_showroom_ddn.png; sourceTree = "<group>"; };
		797B8ED41E9D2C3800A54E9B /* body_showroom_spec.png */ = {isa = PBXFileReference; lastKnownFileType = image.png; name = body_showroom_spec.png; path = ../../resources/image/body_showroom_spec.png; sourceTree = "<group>"; };
		797B8ED51E9D2C3800A54E9B /* dimian.png */ = {isa = PBXFileReference; lastKnownFileType = image.png; name = dimian.png; path = ../../resources/image/dimian.png; sourceTree = "<group>"; };
		797B8ED61E9D2C3800A54E9B /* glass_ddn.png */ = {isa = PBXFileReference; lastKnownFileType = image.png; name = glass_ddn.png; path = ../../resources/image/glass_ddn.png; sourceTree = "<group>"; };
		797B8ED71E9D2C3800A54E9B /* glass_dif.png */ = {isa = PBXFileReference; lastKnownFileType = image.png; name = glass_dif.png; path = ../../resources/image/glass_dif.png; sourceTree = "<group>"; };
		797B8ED81E9D2C3800A54E9B /* hand_dif.png */ = {isa = PBXFileReference; lastKnownFileType = image.png; name = hand_dif.png; path = ../../resources/image/hand_dif.png; sourceTree = "<group>"; };
		797B8ED91E9D2C3800A54E9B /* hand_showroom_ddn.png */ = {isa = PBXFileReference; lastKnownFileType = image.png; name = hand_showroom_ddn.png; path = ../../resources/image/hand_showroom_ddn.png; sourceTree = "<group>"; };
		797B8EDA1E9D2C3800A54E9B /* hand_showroom_spec.png */ = {isa = PBXFileReference; lastKnownFileType = image.png; name = hand_showroom_spec.png; path = ../../resources/image/hand_showroom_spec.png; sourceTree = "<group>"; };
		797B8EDB1E9D2C3800A54E9B /* helmet_diff.png */ = {isa = PBXFileReference; lastKnownFileType = image.png; name = helmet_diff.png; path = ../../resources/image/helmet_diff.png; sourceTree = "<group>"; };
		797B8EDC1E9D2C3800A54E9B /* helmet_showroom_ddn.png */ = {isa = PBXFileReference; lastKnownFileType = image.png; name = helmet_showroom_ddn.png; path = ../../resources/image/helmet_showroom_ddn.png; sourceTree = "<group>"; };
		797B8EDD1E9D2C3800A54E9B /* helmet_showroom_spec.png */ = {isa = PBXFileReference; lastKnownFileType = image.png; name = helmet_showroom_spec.png; path = ../../resources/image/helmet_showroom_spec.png; sourceTree = "<group>"; };
		797B8EDE1E9D2C3800A54E9B /* leg_dif.png */ = {isa = PBXFileReference; lastKnownFileType = image.png; name = leg_dif.png; path = ../../resources/image/leg_dif.png; sourceTree = "<group>"; };
		797B8EDF1E9D2C3800A54E9B /* leg_showroom_ddn.png */ = {isa = PBXFileReference; lastKnownFileType = image.png; name = leg_showroom_ddn.png; path = ../../resources/image/leg_showroom_ddn.png; sourceTree = "<group>"; };
		797B8EE01E9D2C3800A54E9B /* leg_showroom_spec.png */ = {isa = PBXFileReference; lastKnownFileType = image.png; name = leg_showroom_spec.png; path = ../../resources/image/leg_showroom_spec.png; sourceTree = "<group>"; };
		797B8EE11E9D2C3800A54E9B /* mabu.png */ = {isa = PBXFileReference; lastKnownFileType = image.png; name = mabu.png; path = ../../resources/image/mabu.png; sourceTree = "<group>"; };
		79B508DF1E6C018B001AF007 /* main.c */ = {isa = PBXFileReference; lastKnownFileType = sourcecode.c.c; name = main.c; path = ../../resources/code/main.c; sourceTree = "<group>"; };
		79B508E01E6C018B001AF007 /* tiny3D.h */ = {isa = PBXFileReference; lastKnownFileType = sourcecode.c.h; name = tiny3D.h; path = ../../resources/code/tiny3D.h; sourceTree = "<group>"; };
/* End PBXFileReference section */

/* Begin PBXFrameworksBuildPhase section */
		165434D41D99591E00F3B0C6 /* Frameworks */ = {
			isa = PBXFrameworksBuildPhase;
			buildActionMask = 2147483647;
			files = (
				166002EC1E71837700252926 /* libSDL2.a in Frameworks */,
				166002EA1E717F7F00252926 /* libpng.a in Frameworks */,
			);
			runOnlyForDeploymentPostprocessing = 0;
		};
/* End PBXFrameworksBuildPhase section */

/* Begin PBXGroup section */
		164CA0A41E88CBC400064DE8 /* Resources */ = {
			isa = PBXGroup;
			children = (
				797B8ECF1E9D2C3800A54E9B /* arm_dif.png */,
				797B8ED01E9D2C3800A54E9B /* arm_showroom_ddn.png */,
				797B8ED11E9D2C3800A54E9B /* arm_showroom_spec.png */,
				797B8ED21E9D2C3800A54E9B /* body_dif.png */,
				797B8ED31E9D2C3800A54E9B /* body_showroom_ddn.png */,
				797B8ED41E9D2C3800A54E9B /* body_showroom_spec.png */,
				797B8ED51E9D2C3800A54E9B /* dimian.png */,
				797B8ED61E9D2C3800A54E9B /* glass_ddn.png */,
				797B8ED71E9D2C3800A54E9B /* glass_dif.png */,
				797B8ED81E9D2C3800A54E9B /* hand_dif.png */,
				797B8ED91E9D2C3800A54E9B /* hand_showroom_ddn.png */,
				797B8EDA1E9D2C3800A54E9B /* hand_showroom_spec.png */,
				797B8EDB1E9D2C3800A54E9B /* helmet_diff.png */,
				797B8EDC1E9D2C3800A54E9B /* helmet_showroom_ddn.png */,
				797B8EDD1E9D2C3800A54E9B /* helmet_showroom_spec.png */,
				797B8EDE1E9D2C3800A54E9B /* leg_dif.png */,
				797B8EDF1E9D2C3800A54E9B /* leg_showroom_ddn.png */,
				797B8EE01E9D2C3800A54E9B /* leg_showroom_spec.png */,
				797B8EE11E9D2C3800A54E9B /* mabu.png */,
				793737FB1E881DE000613E1F /* nanosuit.blend */,
				793737F71E881AAB00613E1F /* nanosuit.mtl */,
				793737F81E881AAB00613E1F /* nanosuit.obj */,
				164CA07A1E866B4F00064DE8 /* tr-and-d-issue-43.mtl */,
				164CA07B1E866B4F00064DE8 /* tr-and-d-issue-43.obj */,
				166002F41E72C78C00252926 /* dimian.png */,
				166002E71E717EE800252926 /* mabu.png */,
			);
			name = Resources;
			sourceTree = "<group>";
		};
		165434CE1D99591E00F3B0C6 = {
			isa = PBXGroup;
			children = (
				166002ED1E7183F700252926 /* utils_other.m */,
				164CA0801E86B4E600064DE8 /* utils.c */,
				164CA0791E864C4900064DE8 /* utils.h */,
				79B508DF1E6C018B001AF007 /* main.c */,
				793737F51E87DAC000613E1F /* tiny3D.c */,
				79B508E01E6C018B001AF007 /* tiny3D.h */,
				164CA07E1E86705300064DE8 /* tinyobj_loader_c.h */,
				165434D81D99591E00F3B0C6 /* Products */,
				164CA0A41E88CBC400064DE8 /* Resources */,
				79B508E31E6C0D0B001AF007 /* Frameworks */,
			);
			sourceTree = "<group>";
		};
		165434D81D99591E00F3B0C6 /* Products */ = {
			isa = PBXGroup;
			children = (
				165434D71D99591E00F3B0C6 /* tinyEngine */,
			);
			name = Products;
			sourceTree = "<group>";
		};
		79B508E31E6C0D0B001AF007 /* Frameworks */ = {
			isa = PBXGroup;
			children = (
				166002E91E717F7F00252926 /* libpng.a */,
				166002EB1E71837700252926 /* libSDL2.a */,
			);
			name = Frameworks;
			sourceTree = "<group>";
		};
/* End PBXGroup section */

/* Begin PBXNativeTarget section */
		165434D61D99591E00F3B0C6 /* tinyEngine */ = {
			isa = PBXNativeTarget;
			buildConfigurationList = 165434DE1D99591E00F3B0C6 /* Build configuration list for PBXNativeTarget "tinyEngine" */;
			buildPhases = (
				165434D31D99591E00F3B0C6 /* Sources */,
				165434D41D99591E00F3B0C6 /* Frameworks */,
				166002F01E7186AF00252926 /* CopyFiles */,
			);
			buildRules = (
			);
			dependencies = (
			);
			name = tinyEngine;
			productName = project_mac;
			productReference = 165434D71D99591E00F3B0C6 /* tinyEngine */;
			productType = "com.apple.product-type.tool";
		};
/* End PBXNativeTarget section */

/* Begin PBXProject section */
		165434CF1D99591E00F3B0C6 /* Project object */ = {
			isa = PBXProject;
			attributes = {
				LastUpgradeCheck = 0820;
				ORGANIZATIONNAME = tuyoo;
				TargetAttributes = {
					165434D61D99591E00F3B0C6 = {
						CreatedOnToolsVersion = 7.3.1;
					};
				};
			};
			buildConfigurationList = 165434D21D99591E00F3B0C6 /* Build configuration list for PBXProject "tinyEngine" */;
			compatibilityVersion = "Xcode 3.2";
			developmentRegion = English;
			hasScannedForEncodings = 0;
			knownRegions = (
				en,
			);
			mainGroup = 165434CE1D99591E00F3B0C6;
			productRefGroup = 165434D81D99591E00F3B0C6 /* Products */;
			projectDirPath = "";
			projectRoot = "";
			targets = (
				165434D61D99591E00F3B0C6 /* tinyEngine */,
			);
		};
/* End PBXProject section */

/* Begin PBXSourcesBuildPhase section */
		165434D31D99591E00F3B0C6 /* Sources */ = {
			isa = PBXSourcesBuildPhase;
			buildActionMask = 2147483647;
			files = (
				793737F61E87DAC000613E1F /* tiny3D.c in Sources */,
				164CA0811E86B4E600064DE8 /* utils.c in Sources */,
				79B508E11E6C018B001AF007 /* main.c in Sources */,
				166002EE1E7183F700252926 /* utils_other.m in Sources */,
			);
			runOnlyForDeploymentPostprocessing = 0;
		};
/* End PBXSourcesBuildPhase section */

/* Begin XCBuildConfiguration section */
		165434DC1D99591E00F3B0C6 /* Debug */ = {
			isa = XCBuildConfiguration;
			buildSettings = {
				ALWAYS_SEARCH_USER_PATHS = NO;
				CLANG_ANALYZER_NONNULL = YES;
				CLANG_CXX_LANGUAGE_STANDARD = "compiler-default";
				CLANG_CXX_LIBRARY = "compiler-default";
				CLANG_ENABLE_MODULES = YES;
				CLANG_ENABLE_OBJC_ARC = YES;
				CLANG_WARN_BOOL_CONVERSION = YES;
				CLANG_WARN_CONSTANT_CONVERSION = YES;
				CLANG_WARN_DIRECT_OBJC_ISA_USAGE = YES_ERROR;
				CLANG_WARN_EMPTY_BODY = YES;
				CLANG_WARN_ENUM_CONVERSION = YES;
				CLANG_WARN_INFINITE_RECURSION = YES;
				CLANG_WARN_INT_CONVERSION = YES;
				CLANG_WARN_OBJC_ROOT_CLASS = YES_ERROR;
				CLANG_WARN_SUSPICIOUS_MOVE = YES;
				CLANG_WARN_UNREACHABLE_CODE = YES;
				CLANG_WARN__DUPLICATE_METHOD_MATCH = YES;
				CODE_SIGN_IDENTITY = "-";
				COPY_PHASE_STRIP = NO;
				DEBUG_INFORMATION_FORMAT = dwarf;
				ENABLE_STRICT_OBJC_MSGSEND = YES;
				ENABLE_TESTABILITY = YES;
				GCC_C_LANGUAGE_STANDARD = "compiler-default";
				GCC_DYNAMIC_NO_PIC = NO;
				GCC_NO_COMMON_BLOCKS = YES;
				GCC_OPTIMIZATION_LEVEL = 0;
				GCC_PREPROCESSOR_DEFINITIONS = (
					"DEBUG=1",
					"$(inherited)",
				);
				GCC_WARN_64_TO_32_BIT_CONVERSION = YES;
				GCC_WARN_ABOUT_RETURN_TYPE = YES_ERROR;
				GCC_WARN_UNDECLARED_SELECTOR = YES;
				GCC_WARN_UNINITIALIZED_AUTOS = YES_AGGRESSIVE;
				GCC_WARN_UNUSED_FUNCTION = YES;
				GCC_WARN_UNUSED_VARIABLE = YES;
				MACOSX_DEPLOYMENT_TARGET = 10.12;
				MTL_ENABLE_DEBUG_INFO = YES;
				ONLY_ACTIVE_ARCH = YES;
				SDKROOT = macosx;
			};
			name = Debug;
		};
		165434DD1D99591E00F3B0C6 /* Release */ = {
			isa = XCBuildConfiguration;
			buildSettings = {
				ALWAYS_SEARCH_USER_PATHS = NO;
				CLANG_ANALYZER_NONNULL = YES;
				CLANG_CXX_LANGUAGE_STANDARD = "compiler-default";
				CLANG_CXX_LIBRARY = "compiler-default";
				CLANG_ENABLE_MODULES = YES;
				CLANG_ENABLE_OBJC_ARC = YES;
				CLANG_WARN_BOOL_CONVERSION = YES;
				CLANG_WARN_CONSTANT_CONVERSION = YES;
				CLANG_WARN_DIRECT_OBJC_ISA_USAGE = YES_ERROR;
				CLANG_WARN_EMPTY_BODY = YES;
				CLANG_WARN_ENUM_CONVERSION = YES;
				CLANG_WARN_INFINITE_RECURSION = YES;
				CLANG_WARN_INT_CONVERSION = YES;
				CLANG_WARN_OBJC_ROOT_CLASS = YES_ERROR;
				CLANG_WARN_SUSPICIOUS_MOVE = YES;
				CLANG_WARN_UNREACHABLE_CODE = YES;
				CLANG_WARN__DUPLICATE_METHOD_MATCH = YES;
				CODE_SIGN_IDENTITY = "-";
				COPY_PHASE_STRIP = NO;
				DEBUG_INFORMATION_FORMAT = "dwarf-with-dsym";
				ENABLE_NS_ASSERTIONS = NO;
				ENABLE_STRICT_OBJC_MSGSEND = YES;
				GCC_C_LANGUAGE_STANDARD = "compiler-default";
				GCC_NO_COMMON_BLOCKS = YES;
				GCC_WARN_64_TO_32_BIT_CONVERSION = YES;
				GCC_WARN_ABOUT_RETURN_TYPE = YES_ERROR;
				GCC_WARN_UNDECLARED_SELECTOR = YES;
				GCC_WARN_UNINITIALIZED_AUTOS = YES_AGGRESSIVE;
				GCC_WARN_UNUSED_FUNCTION = YES;
				GCC_WARN_UNUSED_VARIABLE = YES;
				MACOSX_DEPLOYMENT_TARGET = 10.12;
				MTL_ENABLE_DEBUG_INFO = NO;
				SDKROOT = macosx;
			};
			name = Release;
		};
		165434DF1D99591E00F3B0C6 /* Debug */ = {
			isa = XCBuildConfiguration;
			buildSettings = {
				CLANG_CXX_LANGUAGE_STANDARD = "compiler-default";
				CLANG_CXX_LIBRARY = "compiler-default";
				GCC_C_LANGUAGE_STANDARD = "compiler-default";
				HEADER_SEARCH_PATHS = (
					"$(inherited)",
					../../external/sdl2/include,
					../../external/libpng/include,
					../../external/tinyobj/,
				);
				LIBRARY_SEARCH_PATHS = (
					"$(inherited)",
					../../external/sdl2/prebuild/mac,
					../../external/libpng/prebuild/mac,
				);
				MACOSX_DEPLOYMENT_TARGET = 10.12;
				OTHER_LDFLAGS = "-lz";
				PRODUCT_NAME = "$(TARGET_NAME)";
			};
			name = Debug;
		};
		165434E01D99591E00F3B0C6 /* Release */ = {
			isa = XCBuildConfiguration;
			buildSettings = {
				CLANG_CXX_LANGUAGE_STANDARD = "compiler-default";
				CLANG_CXX_LIBRARY = "compiler-default";
				GCC_C_LANGUAGE_STANDARD = "compiler-default";
				HEADER_SEARCH_PATHS = (
					"$(inherited)",
					../../external/sdl2/include,
					../../external/libpng/include,
					../../external/tinyobj/,
				);
				LIBRARY_SEARCH_PATHS = (
					"$(inherited)",
					../../external/sdl2/prebuild/mac,
					../../external/libpng/prebuild/mac,
				);
				MACOSX_DEPLOYMENT_TARGET = 10.12;
				OTHER_LDFLAGS = "-lz";
				PRODUCT_NAME = "$(TARGET_NAME)";
			};
			name = Release;
		};
/* End XCBuildConfiguration section */

/* Begin XCConfigurationList section */
		165434D21D99591E00F3B0C6 /* Build configuration list for PBXProject "tinyEngine" */ = {
			isa = XCConfigurationList;
			buildConfigurations = (
				165434DC1D99591E00F3B0C6 /* Debug */,
				165434DD1D99591E00F3B0C6 /* Release */,
			);
			defaultConfigurationIsVisible = 0;
			defaultConfigurationName = Release;
		};
		165434DE1D99591E00F3B0C6 /* Build configuration list for PBXNativeTarget "tinyEngine" */ = {
			isa = XCConfigurationList;
			buildConfigurations = (
				165434DF1D99591E00F3B0C6 /* Debug */,
				165434E01D99591E00F3B0C6 /* Release */,
			);
			defaultConfigurationIsVisible = 0;
			defaultConfigurationName = Release;
		};
/* End XCConfigurationList section */
	};
	rootObject = 165434CF1D99591E00F3B0C6 /* Project object */;
}
